github.com/PuerkitoBio/goquery v0.0.0-20171007141228-1a71cc719d0d h1:uIanc+yLadxu4XJdIHQypV4jikH82TcVdeKaVK38Bao=
github.com/PuerkitoBio/goquery v0.0.0-20171007141228-1a71cc719d0d/go.mod h1:T9ezsOHcCrDCgA8aF1Cqr3sSYbO/xgdy8/R/XiIMAhA=
github.com/andybalholm/cascadia v0.0.0-20161224141413-349dd0209470 h1:4jHLmof+Hba81591gfH5xYA8QXzuvgksxwPNrmjR2BA=
github.com/andybalholm/cascadia v0.0.0-20161224141413-349dd0209470/go.mod h1:3I+3V7B6gTBYfdpYgIG2ymALS9H+5VDKUl3lHH7ToM4=
github.com/beevik/etree v0.0.0-20171015221209-af219c0c7ea1 h1:6fqkBkx5cRbd8Pq0UEMxyteIAPoE1KiPptnx1yEzJLU=
github.com/beevik/etree v0.0.0-20171015221209-af219c0c7ea1/go.mod h1:r8Aw8JqVegEf0w2fDnATrX9VpkMcyFeM0FhwO62wh+A=
github.com/davecgh/go-spew v1.1.0 h1:ZDRjVQ15GmhC3fiQ8ni8+OwkZQO4DARzQgrnXU1Liz8=
github.com/davecgh/go-spew v1.1.0/go.mod h1:J7Y8YcW2NihsgmVo/mv3lAwl/skON4iLHjSsI+c5H38=
github.com/eknkc/amber v0.0.0-20171010120322-cdade1c07385 h1:clC1lXBpe2kTj2VHdaIu9ajZQe4kcEY9j0NsnDDBZ3o=
github.com/eknkc/amber v0.0.0-20171010120322-cdade1c07385/go.mod h1:0vRUJqYpeSZifjYj7uP3BG/gKcuzL9xWVV/Y+cK33KM=
github.com/geek1011/kepubify v0.0.0-20180623164850-13613146585f h1:pWrp9oFVksSVwZEMtHoaSZpTVvgJNx9My9vvOVo7gSU=
github.com/geek1011/kepubify v0.0.0-20180623164850-13613146585f/go.mod h1:xMWLgn5FQSh6oNcq//MwSwPf2WgyQq6T+fY9nSn9+Cs=
github.com/gobuffalo/packr v1.13.1 h1:1Z7KOEokVtxM7PFvh8ZYD/+h7vwN/hl1DBD4wDKWGvE=
github.com/gobuffalo/packr v1.13.1/go.mod h1:m3J/Q/tkaODAQq3r6NyWhDhJs2cVZS/lU0+0Edmfv3c=
github.com/julienschmidt/httprouter v0.0.0-20170430222011-975b5c4c7c21 h1:hcRVDgbEIDiNW6kY/2+P6rJgjA8epCA19ezlBM3Ko5Q=
github.com/julienschmidt/httprouter v0.0.0-20170430222011-975b5c4c7c21/go.mod h1:SYymIcj16QtmaHHD7aYtjjsJG7VTCxuUUipMqKk8s4w=
github.com/markbates/grift v1.0.0/go.mod h1:6qyNEZSY8v6duE2tBtO/tPgBvxhT7g7DnQoIYpEyCfw=
github.com/mattn/go-zglob v0.0.0-20170124115757-95345c4e1c0e h1:MjZj0KCx7aFNToMEqvMJB0IE+PpRi/goV1RC4NPfy4A=
github.com/mattn/go-zglob v0.0.0-20170124115757-95345c4e1c0e/go.mod h1:9fxibJccNxU2cnpIKLRRFA7zX7qhkJIQWBb449FYHOo=
github.com/nfnt/resize v0.0.0-20180221191011-83c6a9932646 h1:zYyBkD/k9seD2A7fsi6Oo2LfFZAehjjQMERAvZLEDnQ=
github.com/nfnt/resize v0.0.0-20180221191011-83c6a9932646/go.mod h1:jpp1/29i3P1S/RLdc7JQKbRpFeM1dOBd8T9ki5s+AY8=
github.com/pkg/errors v0.8.0 h1:WdK/asTD0HN+q6hsWO3/vpuAkAr+tw6aNJNDFFf0+qw=
github.com/pkg/errors v0.8.0/go.mod h1:bwawxfHBFNV+L2hUp1rHADufV3IMtnDRdf1r5NINEl0=
github.com/pmezard/go-difflib v1.0.0 h1:4DBwDE0NGyQoBHbLQYPwSUPoCMWR5BEzIk/f1lZbAQM=
github.com/pmezard/go-difflib v1.0.0/go.mod h1:iKH77koFhYxTK1pcRnkKkqfTogsbg7gZNVY4sRDYZ/4=
github.com/spf13/cobra v0.0.3/go.mod h1:1l0Ry5zgKvJasoi3XT1TypsSe7PqH0Sj9dhYf7v3XqQ=
github.com/spf13/pflag v1.0.1/go.mod h1:DYY7MBk1bdzusC3SYhjObp+wFpr4gzcvqqNjLnInEg4=
github.com/spf13/pflag v1.0.3 h1:zPAT6CGy6wXeQ7NtTnaTerfKOsV6V6F8agHXFiazDkg=
github.com/spf13/pflag v1.0.3/go.mod h1:DYY7MBk1bdzusC3SYhjObp+wFpr4gzcvqqNjLnInEg4=
github.com/stretchr/testify v1.2.2 h1:bSDNvY7ZPG5RlJ8otE/7V6gMiyenm9RtJ7IUVIAoJ1w=
github.com/stretchr/testify v1.2.2/go.mod h1:a8OnRcib4nhh0OaRAV+Yts87kKdq0PP7pXfy6kDkUVs=
github.com/unrolled/render v0.0.0-20171006150303-32bf1ea2a39e h1:+7ZLNyK3wLR1k8/+JXWlPYOuBIqpBMLzPDXwAExlmKY=
github.com/unrolled/render v0.0.0-20171006150303-32bf1ea2a39e/go.mod h1:tu82oB5W2ykJRVioYsB+IQKcft7ryBr7w12qMBUPyXg=
golang.org/x/net v0.0.0-20180808004115-f9ce57c11b24/go.mod h1:mL1N/T3taQHkDXs73rZJwtUhF3w3ftmwwsq0BUmARs4=
golang.org/x/net v0.0.0-20180811021610-c39426892332 h1:efGso+ep0DjyCBJPjvoz0HI6UldX4Md2F1rZFe1ir0E=
golang.org/x/net v0.0.0-20180811021610-c39426892332/go.mod h1:mL1N/T3taQHkDXs73rZJwtUhF3w3ftmwwsq0BUmARs4=
golang.org/x/sync v0.0.0-20180314180146-1d60e4601c6f/go.mod h1:RxMgew5VJxzue5/jJTE5uejpjVlOe/izrB70Jof72aM=
golang.org/x/tools v0.0.0-20171010174739-e4b401d06e5e h1:J4vdqIrpxcIvX7otbpN+eJeIfMnE+k1WNLCAACbsUIg=
golang.org/x/tools v0.0.0-20171010174739-e4b401d06e5e/go.mod h1:n7NCudcB/nEzxVGmLbDWY5pfWTLqBcC2KZ6jyYvM4mQ=
